
Microsoft Visual Studio Solution File, Format Version 12.00
# Visual Studio 14
VisualStudioVersion = 14.0.25123.0
MinimumVisualStudioVersion = 10.0.40219.1
Project("{2150E333-8FDC-42A3-9474-1A3956D46DE8}") = "Presentation", "Presentation", "{8201C867-65B9-468A-9DED-A554F2C0A01B}"
EndProject
Project("{2150E333-8FDC-42A3-9474-1A3956D46DE8}") = "Model", "Model", "{71D78F0F-6EB5-49F1-8B12-E1421919E848}"
EndProject
Project("{2150E333-8FDC-42A3-9474-1A3956D46DE8}") = "Data Access Layer", "Data Access Layer", "{75FB7195-06C9-4C22-BFCD-7F1E56DF61AD}"
EndProject
Project("{2150E333-8FDC-42A3-9474-1A3956D46DE8}") = "Business Logic Layer", "Business Logic Layer", "{F6A646E3-439C-47E2-AA33-B676230139B4}"
EndProject
Project("{FAE04EC0-301F-11D3-BF4B-00C04F79EFBC}") = "PMS.Model", "PMS.Model\PMS.Model.csproj", "{168B6361-838F-4420-8185-FE50D101DA99}"
EndProject
Project("{FAE04EC0-301F-11D3-BF4B-00C04F79EFBC}") = "PMS.DAL", "PMS.DAL\PMS.DAL.csproj", "{EA44B987-90D4-44A9-B05C-58C6140D1F02}"
EndProject
Project("{FAE04EC0-301F-11D3-BF4B-00C04F79EFBC}") = "PMS.IDAL", "PMS.IDAL\PMS.IDAL.csproj", "{76337581-726B-4AF3-A0C6-740C2E9E0371}"
EndProject
Project("{FAE04EC0-301F-11D3-BF4B-00C04F79EFBC}") = "PMS.BLL", "PMS.BLL\PMS.BLL.csproj", "{1F1CA1A2-D665-4A04-9D09-FD64DCF98C53}"
EndProject
Project("{FAE04EC0-301F-11D3-BF4B-00C04F79EFBC}") = "PMS.IBLL", "PMS.IBLL\PMS.IBLL.csproj", "{89675D9D-DD81-4166-A7C9-0F9967CEDB40}"
EndProject
Project("{FAE04EC0-301F-11D3-BF4B-00C04F79EFBC}") = "PMS.UI", "PMS.UI\PMS.UI.csproj", "{6485394F-083C-4AAB-8B5D-0BF3373B7D0B}"
EndProject
Global
	GlobalSection(SolutionConfigurationPlatforms) = preSolution
		Debug|Any CPU = Debug|Any CPU
		Release|Any CPU = Release|Any CPU
	EndGlobalSection
	GlobalSection(ProjectConfigurationPlatforms) = postSolution
		{168B6361-838F-4420-8185-FE50D101DA99}.Debug|Any CPU.ActiveCfg = Debug|Any CPU
		{168B6361-838F-4420-8185-FE50D101DA99}.Debug|Any CPU.Build.0 = Debug|Any CPU
		{168B6361-838F-4420-8185-FE50D101DA99}.Release|Any CPU.ActiveCfg = Release|Any CPU
		{168B6361-838F-4420-8185-FE50D101DA99}.Release|Any CPU.Build.0 = Release|Any CPU
		{EA44B987-90D4-44A9-B05C-58C6140D1F02}.Debug|Any CPU.ActiveCfg = Debug|Any CPU
		{EA44B987-90D4-44A9-B05C-58C6140D1F02}.Debug|Any CPU.Build.0 = Debug|Any CPU
		{EA44B987-90D4-44A9-B05C-58C6140D1F02}.Release|Any CPU.ActiveCfg = Release|Any CPU
		{EA44B987-90D4-44A9-B05C-58C6140D1F02}.Release|Any CPU.Build.0 = Release|Any CPU
		{76337581-726B-4AF3-A0C6-740C2E9E0371}.Debug|Any CPU.ActiveCfg = Debug|Any CPU
		{76337581-726B-4AF3-A0C6-740C2E9E0371}.Debug|Any CPU.Build.0 = Debug|Any CPU
		{76337581-726B-4AF3-A0C6-740C2E9E0371}.Release|Any CPU.ActiveCfg = Release|Any CPU
		{76337581-726B-4AF3-A0C6-740C2E9E0371}.Release|Any CPU.Build.0 = Release|Any CPU
		{1F1CA1A2-D665-4A04-9D09-FD64DCF98C53}.Debug|Any CPU.ActiveCfg = Debug|Any CPU
		{1F1CA1A2-D665-4A04-9D09-FD64DCF98C53}.Debug|Any CPU.Build.0 = Debug|Any CPU
		{1F1CA1A2-D665-4A04-9D09-FD64DCF98C53}.Release|Any CPU.ActiveCfg = Release|Any CPU
		{1F1CA1A2-D665-4A04-9D09-FD64DCF98C53}.Release|Any CPU.Build.0 = Release|Any CPU
		{89675D9D-DD81-4166-A7C9-0F9967CEDB40}.Debug|Any CPU.ActiveCfg = Debug|Any CPU
		{89675D9D-DD81-4166-A7C9-0F9967CEDB40}.Debug|Any CPU.Build.0 = Debug|Any CPU
		{89675D9D-DD81-4166-A7C9-0F9967CEDB40}.Release|Any CPU.ActiveCfg = Release|Any CPU
		{89675D9D-DD81-4166-A7C9-0F9967CEDB40}.Release|Any CPU.Build.0 = Release|Any CPU
		{6485394F-083C-4AAB-8B5D-0BF3373B7D0B}.Debug|Any CPU.ActiveCfg = Debug|Any CPU
		{6485394F-083C-4AAB-8B5D-0BF3373B7D0B}.Debug|Any CPU.Build.0 = Debug|Any CPU
		{6485394F-083C-4AAB-8B5D-0BF3373B7D0B}.Release|Any CPU.ActiveCfg = Release|Any CPU
		{6485394F-083C-4AAB-8B5D-0BF3373B7D0B}.Release|Any CPU.Build.0 = Release|Any CPU
	EndGlobalSection
	GlobalSection(SolutionProperties) = preSolution
		HideSolutionNode = FALSE
	EndGlobalSection
	GlobalSection(NestedProjects) = preSolution
		{168B6361-838F-4420-8185-FE50D101DA99} = {71D78F0F-6EB5-49F1-8B12-E1421919E848}
		{EA44B987-90D4-44A9-B05C-58C6140D1F02} = {75FB7195-06C9-4C22-BFCD-7F1E56DF61AD}
		{76337581-726B-4AF3-A0C6-740C2E9E0371} = {75FB7195-06C9-4C22-BFCD-7F1E56DF61AD}
		{1F1CA1A2-D665-4A04-9D09-FD64DCF98C53} = {F6A646E3-439C-47E2-AA33-B676230139B4}
		{89675D9D-DD81-4166-A7C9-0F9967CEDB40} = {F6A646E3-439C-47E2-AA33-B676230139B4}
		{6485394F-083C-4AAB-8B5D-0BF3373B7D0B} = {8201C867-65B9-468A-9DED-A554F2C0A01B}
	EndGlobalSection
EndGlobal
